// !$*UTF8*$!
{
	archiveVersion = 1;
	classes = {
	};
	objectVersion = 46;
	objects = {

/* Begin PBXBuildFile section */
		1871F8491C626F290080CEBB /* AppDelegate.swift in Sources */ = {isa = PBXBuildFile; fileRef = 1871F8481C626F290080CEBB /* AppDelegate.swift */; };
		1871F84B1C626F290080CEBB /* ViewController.swift in Sources */ = {isa = PBXBuildFile; fileRef = 1871F84A1C626F290080CEBB /* ViewController.swift */; };
		1871F84E1C626F290080CEBB /* Main.storyboard in Resources */ = {isa = PBXBuildFile; fileRef = 1871F84C1C626F290080CEBB /* Main.storyboard */; };
		1871F8501C626F290080CEBB /* Assets.xcassets in Resources */ = {isa = PBXBuildFile; fileRef = 1871F84F1C626F290080CEBB /* Assets.xcassets */; };
		1871F8531C626F290080CEBB /* LaunchScreen.storyboard in Resources */ = {isa = PBXBuildFile; fileRef = 1871F8511C626F290080CEBB /* LaunchScreen.storyboard */; };
		8400615C49385751B5FF783B /* Pods_cocoapodsTest.framework in Frameworks */ = {isa = PBXBuildFile; fileRef = 41978D84D7B86E17921CCAE4 /* Pods_cocoapodsTest.framework */; };
/* End PBXBuildFile section */

/* Begin PBXFileReference section */
		1871F8451C626F290080CEBB /* cocoapodsTest.app */ = {isa = PBXFileReference; explicitFileType = wrapper.application; includeInIndex = 0; path = cocoapodsTest.app; sourceTree = BUILT_PRODUCTS_DIR; };
		1871F8481C626F290080CEBB /* AppDelegate.swift */ = {isa = PBXFileReference; lastKnownFileType = sourcecode.swift; path = AppDelegate.swift; sourceTree = "<group>"; };
		1871F84A1C626F290080CEBB /* ViewController.swift */ = {isa = PBXFileReference; lastKnownFileType = sourcecode.swift; path = ViewController.swift; sourceTree = "<group>"; };
		1871F84D1C626F290080CEBB /* Base */ = {isa = PBXFileReference; lastKnownFileType = file.storyboard; name = Base; path = Base.lproj/Main.storyboard; sourceTree = "<group>"; };
		1871F84F1C626F290080CEBB /* Assets.xcassets */ = {isa = PBXFileReference; lastKnownFileType = folder.assetcatalog; path = Assets.xcassets; sourceTree = "<group>"; };
		1871F8521C626F290080CEBB /* Base */ = {isa = PBXFileReference; lastKnownFileType = file.storyboard; name = Base; path = Base.lproj/LaunchScreen.storyboard; sourceTree = "<group>"; };
		1871F8541C626F290080CEBB /* Info.plist */ = {isa = PBXFileReference; lastKnownFileType = text.plist.xml; path = Info.plist; sourceTree = "<group>"; };
		41978D84D7B86E17921CCAE4 /* Pods_cocoapodsTest.framework */ = {isa = PBXFileReference; explicitFileType = wrapper.framework; includeInIndex = 0; path = Pods_cocoapodsTest.framework; sourceTree = BUILT_PRODUCTS_DIR; };
		B30F9EDE1551C66E72A34B59 /* Pods-cocoapodsTest.release.xcconfig */ = {isa = PBXFileReference; includeInIndex = 1; lastKnownFileType = text.xcconfig; name = "Pods-cocoapodsTest.release.xcconfig"; path = "Pods/Target Support Files/Pods-cocoapodsTest/Pods-cocoapodsTest.release.xcconfig"; sourceTree = "<group>"; };
		EE1D11DE32C06522D90488FB /* Pods-cocoapodsTest.debug.xcconfig */ = {isa = PBXFileReference; includeInIndex = 1; lastKnownFileType = text.xcconfig; name = "Pods-cocoapodsTest.debug.xcconfig"; path = "Pods/Target Support Files/Pods-cocoapodsTest/Pods-cocoapodsTest.debug.xcconfig"; sourceTree = "<group>"; };
/* End PBXFileReference section */

/* Begin PBXFrameworksBuildPhase section */
		1871F8421C626F280080CEBB /* Frameworks */ = {
			isa = PBXFrameworksBuildPhase;
			buildActionMask = 2147483647;
			files = (
				8400615C49385751B5FF783B /* Pods_cocoapodsTest.framework in Frameworks */,
			);
			runOnlyForDeploymentPostprocessing = 0;
		};
/* End PBXFrameworksBuildPhase section */

/* Begin PBXGroup section */
		1871F83C1C626F280080CEBB = {
			isa = PBXGroup;
			children = (
				1871F8471C626F290080CEBB /* cocoapodsTest */,
				1871F8461C626F290080CEBB /* Products */,
				1B796FC9CC5A76DD653D0900 /* Pods */,
				1BCA5B86D648B79C1A3BA12C /* Frameworks */,
			);
			sourceTree = "<group>";
		};
		1871F8461C626F290080CEBB /* Products */ = {
			isa = PBXGroup;
			children = (
				1871F8451C626F290080CEBB /* cocoapodsTest.app */,
			);
			name = Products;
			sourceTree = "<group>";
		};
		1871F8471C626F290080CEBB /* cocoapodsTest */ = {
			isa = PBXGroup;
			children = (
				1871F8481C626F290080CEBB /* AppDelegate.swift */,
				1871F84A1C626F290080CEBB /* ViewController.swift */,
				1871F84C1C626F290080CEBB /* Main.storyboard */,
				1871F84F1C626F290080CEBB /* Assets.xcassets */,
				1871F8511C626F290080CEBB /* LaunchScreen.storyboard */,
				1871F8541C626F290080CEBB /* Info.plist */,
			);
			path = cocoapodsTest;
			sourceTree = "<group>";
		};
		1B796FC9CC5A76DD653D0900 /* Pods */ = {
			isa = PBXGroup;
			children = (
				EE1D11DE32C06522D90488FB /* Pods-cocoapodsTest.debug.xcconfig */,
				B30F9EDE1551C66E72A34B59 /* Pods-cocoapodsTest.release.xcconfig */,
			);
			name = Pods;
			sourceTree = "<group>";
		};
		1BCA5B86D648B79C1A3BA12C /* Frameworks */ = {
			isa = PBXGroup;
			children = (
				41978D84D7B86E17921CCAE4 /* Pods_cocoapodsTest.framework */,
			);
			name = Frameworks;
			sourceTree = "<group>";
		};
/* End PBXGroup section */

/* Begin PBXNativeTarget section */
		1871F8441C626F280080CEBB /* cocoapodsTest */ = {
			isa = PBXNativeTarget;
			buildConfigurationList = 1871F8571C626F290080CEBB /* Build configuration list for PBXNativeTarget "cocoapodsTest" */;
			buildPhases = (
				7AAA5641D93E7B138A36A857 /* Check Pods Manifest.lock */,
				1871F8411C626F280080CEBB /* Sources */,
				1871F8421C626F280080CEBB /* Frameworks */,
				1871F8431C626F280080CEBB /* Resources */,
				4FF1B28898C1122310A93610 /* Embed Pods Frameworks */,
				CA37D7792F531F35FCA61CAA /* Copy Pods Resources */,
			);
			buildRules = (
			);
			dependencies = (
			);
			name = cocoapodsTest;
			productName = cocoapodsTest;
			productReference = 1871F8451C626F290080CEBB /* cocoapodsTest.app */;
			productType = "com.apple.product-type.application";
		};
/* End PBXNativeTarget section */

/* Begin PBXProject section */
		1871F83D1C626F280080CEBB /* Project object */ = {
			isa = PBXProject;
			attributes = {
				LastSwiftUpdateCheck = 0720;
				LastUpgradeCheck = 0720;
				ORGANIZATIONNAME = "Mohammed Joseph Petrelli Salameh";
				TargetAttributes = {
					1871F8441C626F280080CEBB = {
						CreatedOnToolsVersion = 7.2;
						DevelopmentTeam = XY2PLHYP4U;
					};
				};
			};
			buildConfigurationList = 1871F8401C626F280080CEBB /* Build configuration list for PBXProject "cocoapodsTest" */;
			compatibilityVersion = "Xcode 3.2";
			developmentRegion = English;
			hasScannedForEncodings = 0;
			knownRegions = (
				en,
				Base,
			);
			mainGroup = 1871F83C1C626F280080CEBB;
			productRefGroup = 1871F8461C626F290080CEBB /* Products */;
			projectDirPath = "";
			projectRoot = "";
			targets = (
				1871F8441C626F280080CEBB /* cocoapodsTest */,
			);
		};
/* End PBXProject section */

/* Begin PBXResourcesBuildPhase section */
		1871F8431C626F280080CEBB /* Resources */ = {
			isa = PBXResourcesBuildPhase;
			buildActionMask = 2147483647;
			files = (
				1871F8531C626F290080CEBB /* LaunchScreen.storyboard in Resources */,
				1871F8501C626F290080CEBB /* Assets.xcassets in Resources */,
				1871F84E1C626F290080CEBB /* Main.storyboard in Resources */,
			);
			runOnlyForDeploymentPostprocessing = 0;
		};
/* End PBXResourcesBuildPhase section */

/* Begin PBXShellScriptBuildPhase section */
		4FF1B28898C1122310A93610 /* Embed Pods Frameworks */ = {
			isa = PBXShellScriptBuildPhase;
			buildActionMask = 2147483647;
			files = (
			);
			inputPaths = (
			);
			name = "Embed Pods Frameworks";
			outputPaths = (
			);
			runOnlyForDeploymentPostprocessing = 0;
			shellPath = /bin/sh;
			shellScript = "\"${SRCROOT}/Pods/Target Support Files/Pods-cocoapodsTest/Pods-cocoapodsTest-frameworks.sh\"\n";
			showEnvVarsInLog = 0;
		};
		7AAA5641D93E7B138A36A857 /* Check Pods Manifest.lock */ = {
			isa = PBXShellScriptBuildPhase;
			buildActionMask = 2147483647;
			files = (
			);
			inputPaths = (
			);
			name = "Check Pods Manifest.lock";
			outputPaths = (
			);
			runOnlyForDeploymentPostprocessing = 0;
			shellPath = /bin/sh;
			shellScript = "diff \"${PODS_ROOT}/../Podfile.lock\" \"${PODS_ROOT}/Manifest.lock\" > /dev/null\nif [[ $? != 0 ]] ; then\n    cat << EOM\nerror: The sandbox is not in sync with the Podfile.lock. Run 'pod install' or update your CocoaPods installation.\nEOM\n    exit 1\nfi\n";
			showEnvVarsInLog = 0;
		};
		CA37D7792F531F35FCA61CAA /* Copy Pods Resources */ = {
			isa = PBXShellScriptBuildPhase;
			buildActionMask = 2147483647;
			files = (
			);
			inputPaths = (
			);
			name = "Copy Pods Resources";
			outputPaths = (
			);
			runOnlyForDeploymentPostprocessing = 0;
			shellPath = /bin/sh;
			shellScript = "\"${SRCROOT}/Pods/Target Support Files/Pods-cocoapodsTest/Pods-cocoapodsTest-resources.sh\"\n";
			showEnvVarsInLog = 0;
		};
/* End PBXShellScriptBuildPhase section */

/* Begin PBXSourcesBuildPhase section */
		1871F8411C626F280080CEBB /* Sources */ = {
			isa = PBXSourcesBuildPhase;
			buildActionMask = 2147483647;
			files = (
				1871F84B1C626F290080CEBB /* ViewController.swift in Sources */,
				1871F8491C626F290080CEBB /* AppDelegate.swift in Sources */,
			);
			runOnlyForDeploymentPostprocessing = 0;
		};
/* End PBXSourcesBuildPhase section */

/* Begin PBXVariantGroup section */
		1871F84C1C626F290080CEBB /* Main.storyboard */ = {
			isa = PBXVariantGroup;
			children = (
				1871F84D1C626F290080CEBB /* Base */,
			);
			name = Main.storyboard;
			sourceTree = "<group>";
		};
		1871F8511C626F290080CEBB /* LaunchScreen.storyboard */ = {
			isa = PBXVariantGroup;
			children = (
				1871F8521C626F290080CEBB /* Base */,
			);
			name = LaunchScreen.storyboard;
			sourceTree = "<group>";
		};
/* End PBXVariantGroup section */

/* Begin XCBuildConfiguration section */
		1871F8551C626F290080CEBB /* Debug */ = {
			isa = XCBuildConfiguration;
			buildSettings = {
				ALWAYS_SEARCH_USER_PATHS = NO;
				CLANG_CXX_LANGUAGE_STANDARD = "gnu++0x";
				CLANG_CXX_LIBRARY = "libc++";
				CLANG_ENABLE_MODULES = YES;
				CLANG_ENABLE_OBJC_ARC = YES;
				CLANG_WARN_BOOL_CONVERSION = YES;
				CLANG_WARN_CONSTANT_CONVERSION = YES;
				CLANG_WARN_DIRECT_OBJC_ISA_USAGE = YES_ERROR;
				CLANG_WARN_EMPTY_BODY = YES;
				CLANG_WARN_ENUM_CONVERSION = YES;
				CLANG_WARN_INT_CONVERSION = YES;
				CLANG_WARN_OBJC_ROOT_CLASS = YES_ERROR;
				CLANG_WARN_UNREACHABLE_CODE = YES;
				CLANG_WARN__DUPLICATE_METHOD_MATCH = YES;
				"CODE_SIGN_IDENTITY[sdk=iphoneos*]" = "iPhone Developer";
				COPY_PHASE_STRIP = NO;
				DEBUG_INFORMATION_FORMAT = dwarf;
				ENABLE_STRICT_OBJC_MSGSEND = YES;
				ENABLE_TESTABILITY = YES;
				GCC_C_LANGUAGE_STANDARD = gnu99;
				GCC_DYNAMIC_NO_PIC = NO;
				GCC_NO_COMMON_BLOCKS = YES;
				GCC_OPTIMIZATION_LEVEL = 0;
				GCC_PREPROCESSOR_DEFINITIONS = (
					"DEBUG=1",
					"$(inherited)",
				);
				GCC_WARN_64_TO_32_BIT_CONVERSION = YES;
				GCC_WARN_ABOUT_RETURN_TYPE = YES_ERROR;
				GCC_WARN_UNDECLARED_SELECTOR = YES;
				GCC_WARN_UNINITIALIZED_AUTOS = YES_AGGRESSIVE;
				GCC_WARN_UNUSED_FUNCTION = YES;
				GCC_WARN_UNUSED_VARIABLE = YES;
				IPHONEOS_DEPLOYMENT_TARGET = 9.2;
				MTL_ENABLE_DEBUG_INFO = YES;
				ONLY_ACTIVE_ARCH = YES;
				SDKROOT = iphoneos;
				SWIFT_OPTIMIZATION_LEVEL = "-Onone";
				TARGETED_DEVICE_FAMILY = "1,2";
			};
			name = Debug;
		};
		1871F8561C626F290080CEBB /* Release */ = {
			isa = XCBuildConfiguration;
			buildSettings = {
				ALWAYS_SEARCH_USER_PATHS = NO;
				CLANG_CXX_LANGUAGE_STANDARD = "gnu++0x";
				CLANG_CXX_LIBRARY = "libc++";
				CLANG_ENABLE_MODULES = YES;
				CLANG_ENABLE_OBJC_ARC = YES;
				CLANG_WARN_BOOL_CONVERSION = YES;
				CLANG_WARN_CONSTANT_CONVERSION = YES;
				CLANG_WARN_DIRECT_OBJC_ISA_USAGE = YES_ERROR;
				CLANG_WARN_EMPTY_BODY = YES;
				CLANG_WARN_ENUM_CONVERSION = YES;
				CLANG_WARN_INT_CONVERSION = YES;
				CLANG_WARN_OBJC_ROOT_CLASS = YES_ERROR;
				CLANG_WARN_UNREACHABLE_CODE = YES;
				CLANG_WARN__DUPLICATE_METHOD_MATCH = YES;
				"CODE_SIGN_IDENTITY[sdk=iphoneos*]" = "iPhone Developer";
				COPY_PHASE_STRIP = NO;
				DEBUG_INFORMATION_FORMAT = "dwarf-with-dsym";
				ENABLE_NS_ASSERTIONS = NO;
				ENABLE_STRICT_OBJC_MSGSEND = YES;
				GCC_C_LANGUAGE_STANDARD = gnu99;
				GCC_NO_COMMON_BLOCKS = YES;
				GCC_WARN_64_TO_32_BIT_CONVERSION = YES;
				GCC_WARN_ABOUT_RETURN_TYPE = YES_ERROR;
				GCC_WARN_UNDECLARED_SELECTOR = YES;
				GCC_WARN_UNINITIALIZED_AUTOS = YES_AGGRESSIVE;
				GCC_WARN_UNUSED_FUNCTION = YES;
				GCC_WARN_UNUSED_VARIABLE = YES;
				IPHONEOS_DEPLOYMENT_TARGET = 9.2;
				MTL_ENABLE_DEBUG_INFO = NO;
				SDKROOT = iphoneos;
				TARGETED_DEVICE_FAMILY = "1,2";
				VALIDATE_PRODUCT = YES;
			};
			name = Release;
		};
		1871F8581C626F290080CEBB /* Debug */ = {
			isa = XCBuildConfiguration;
			baseConfigurationReference = EE1D11DE32C06522D90488FB /* Pods-cocoapodsTest.debug.xcconfig */;
			buildSettings = {
				ASSETCATALOG_COMPILER_APPICON_NAME = AppIcon;
				INFOPLIST_FILE = cocoapodsTest/Info.plist;
				LD_RUNPATH_SEARCH_PATHS = "$(inherited) @executable_path/Frameworks";
				PRODUCT_BUNDLE_IDENTIFIER = dk.salameh.cocoapodsTest;
				PRODUCT_NAME = "$(TARGET_NAME)";
			};
			name = Debug;
		};
		1871F8591C626F290080CEBB /* Release */ = {
			isa = XCBuildConfiguration;
			baseConfigurationReference = B30F9EDE1551C66E72A34B59 /* Pods-cocoapodsTest.release.xcconfig */;
			buildSettings = {
				ASSETCATALOG_COMPILER_APPICON_NAME = AppIcon;
				INFOPLIST_FILE = cocoapodsTest/Info.plist;
				LD_RUNPATH_SEARCH_PATHS = "$(inherited) @executable_path/Frameworks";
				PRODUCT_BUNDLE_IDENTIFIER = dk.salameh.cocoapodsTest;
				PRODUCT_NAME = "$(TARGET_NAME)";
			};
			name = Release;
		};
/* End XCBuildConfiguration section */

/* Begin XCConfigurationList section */
		1871F8401C626F280080CEBB /* Build configuration list for PBXProject "cocoapodsTest" */ = {
			isa = XCConfigurationList;
			buildConfigurations = (
				1871F8551C626F290080CEBB /* Debug */,
				1871F8561C626F290080CEBB /* Release */,
			);
			defaultConfigurationIsVisible = 0;
			defaultConfigurationName = Release;
		};
		1871F8571C626F290080CEBB /* Build configuration list for PBXNativeTarget "cocoapodsTest" */ = {
			isa = XCConfigurationList;
			buildConfigurations = (
				1871F8581C626F290080CEBB /* Debug */,
				1871F8591C626F290080CEBB /* Release */,
			);
			defaultConfigurationIsVisible = 0;
			defaultConfigurationName = Release;
		};
/* End XCConfigurationList section */
	};
	rootObject = 1871F83D1C626F280080CEBB /* Project object */;
}
