// !$*UTF8*$!
{
	archiveVersion = 1;
	classes = {
	};
	objectVersion = 46;
	objects = {

/* Begin PBXBuildFile section */
		1825375F1C564350002CDA30 /* Minecraft.ttf in Resources */ = {isa = PBXBuildFile; fileRef = 1825375E1C564350002CDA30 /* Minecraft.ttf */; };
		182537611C564714002CDA30 /* btn.wav in Resources */ = {isa = PBXBuildFile; fileRef = 182537601C564714002CDA30 /* btn.wav */; };
		18FC3E171C5636C200D9AE6C /* AppDelegate.swift in Sources */ = {isa = PBXBuildFile; fileRef = 18FC3E161C5636C200D9AE6C /* AppDelegate.swift */; };
		18FC3E191C5636C200D9AE6C /* ViewController.swift in Sources */ = {isa = PBXBuildFile; fileRef = 18FC3E181C5636C200D9AE6C /* ViewController.swift */; };
		18FC3E1C1C5636C200D9AE6C /* Main.storyboard in Resources */ = {isa = PBXBuildFile; fileRef = 18FC3E1A1C5636C200D9AE6C /* Main.storyboard */; };
		18FC3E1E1C5636C200D9AE6C /* Assets.xcassets in Resources */ = {isa = PBXBuildFile; fileRef = 18FC3E1D1C5636C200D9AE6C /* Assets.xcassets */; };
		18FC3E211C5636C200D9AE6C /* LaunchScreen.storyboard in Resources */ = {isa = PBXBuildFile; fileRef = 18FC3E1F1C5636C200D9AE6C /* LaunchScreen.storyboard */; };
/* End PBXBuildFile section */

/* Begin PBXFileReference section */
		1825375E1C564350002CDA30 /* Minecraft.ttf */ = {isa = PBXFileReference; lastKnownFileType = file; name = Minecraft.ttf; path = ../Minecraft.ttf; sourceTree = "<group>"; };
		182537601C564714002CDA30 /* btn.wav */ = {isa = PBXFileReference; lastKnownFileType = audio.wav; path = btn.wav; sourceTree = "<group>"; };
		18FC3E131C5636C200D9AE6C /* RetroCalculator.app */ = {isa = PBXFileReference; explicitFileType = wrapper.application; includeInIndex = 0; path = RetroCalculator.app; sourceTree = BUILT_PRODUCTS_DIR; };
		18FC3E161C5636C200D9AE6C /* AppDelegate.swift */ = {isa = PBXFileReference; lastKnownFileType = sourcecode.swift; path = AppDelegate.swift; sourceTree = "<group>"; };
		18FC3E181C5636C200D9AE6C /* ViewController.swift */ = {isa = PBXFileReference; lastKnownFileType = sourcecode.swift; path = ViewController.swift; sourceTree = "<group>"; };
		18FC3E1B1C5636C200D9AE6C /* Base */ = {isa = PBXFileReference; lastKnownFileType = file.storyboard; name = Base; path = Base.lproj/Main.storyboard; sourceTree = "<group>"; };
		18FC3E1D1C5636C200D9AE6C /* Assets.xcassets */ = {isa = PBXFileReference; lastKnownFileType = folder.assetcatalog; path = Assets.xcassets; sourceTree = "<group>"; };
		18FC3E201C5636C200D9AE6C /* Base */ = {isa = PBXFileReference; lastKnownFileType = file.storyboard; name = Base; path = Base.lproj/LaunchScreen.storyboard; sourceTree = "<group>"; };
		18FC3E221C5636C200D9AE6C /* Info.plist */ = {isa = PBXFileReference; lastKnownFileType = text.plist.xml; path = Info.plist; sourceTree = "<group>"; };
/* End PBXFileReference section */

/* Begin PBXFrameworksBuildPhase section */
		18FC3E101C5636C200D9AE6C /* Frameworks */ = {
			isa = PBXFrameworksBuildPhase;
			buildActionMask = 2147483647;
			files = (
			);
			runOnlyForDeploymentPostprocessing = 0;
		};
/* End PBXFrameworksBuildPhase section */

/* Begin PBXGroup section */
		18FC3E0A1C5636C200D9AE6C = {
			isa = PBXGroup;
			children = (
				18FC3E151C5636C200D9AE6C /* RetroCalculator */,
				18FC3E141C5636C200D9AE6C /* Products */,
			);
			sourceTree = "<group>";
		};
		18FC3E141C5636C200D9AE6C /* Products */ = {
			isa = PBXGroup;
			children = (
				18FC3E131C5636C200D9AE6C /* RetroCalculator.app */,
			);
			name = Products;
			sourceTree = "<group>";
		};
		18FC3E151C5636C200D9AE6C /* RetroCalculator */ = {
			isa = PBXGroup;
			children = (
				1825375E1C564350002CDA30 /* Minecraft.ttf */,
				182537601C564714002CDA30 /* btn.wav */,
				18FC3E161C5636C200D9AE6C /* AppDelegate.swift */,
				18FC3E181C5636C200D9AE6C /* ViewController.swift */,
				18FC3E1A1C5636C200D9AE6C /* Main.storyboard */,
				18FC3E1D1C5636C200D9AE6C /* Assets.xcassets */,
				18FC3E1F1C5636C200D9AE6C /* LaunchScreen.storyboard */,
				18FC3E221C5636C200D9AE6C /* Info.plist */,
			);
			path = RetroCalculator;
			sourceTree = "<group>";
		};
/* End PBXGroup section */

/* Begin PBXNativeTarget section */
		18FC3E121C5636C200D9AE6C /* RetroCalculator */ = {
			isa = PBXNativeTarget;
			buildConfigurationList = 18FC3E251C5636C200D9AE6C /* Build configuration list for PBXNativeTarget "RetroCalculator" */;
			buildPhases = (
				18FC3E0F1C5636C200D9AE6C /* Sources */,
				18FC3E101C5636C200D9AE6C /* Frameworks */,
				18FC3E111C5636C200D9AE6C /* Resources */,
			);
			buildRules = (
			);
			dependencies = (
			);
			name = RetroCalculator;
			productName = RetroCalculator;
			productReference = 18FC3E131C5636C200D9AE6C /* RetroCalculator.app */;
			productType = "com.apple.product-type.application";
		};
/* End PBXNativeTarget section */

/* Begin PBXProject section */
		18FC3E0B1C5636C200D9AE6C /* Project object */ = {
			isa = PBXProject;
			attributes = {
				LastSwiftUpdateCheck = 0720;
				LastUpgradeCheck = 0720;
				ORGANIZATIONNAME = "Mohammed Joseph Petrelli Salameh";
				TargetAttributes = {
					18FC3E121C5636C200D9AE6C = {
						CreatedOnToolsVersion = 7.2;
						DevelopmentTeam = XY2PLHYP4U;
					};
				};
			};
			buildConfigurationList = 18FC3E0E1C5636C200D9AE6C /* Build configuration list for PBXProject "RetroCalculator" */;
			compatibilityVersion = "Xcode 3.2";
			developmentRegion = English;
			hasScannedForEncodings = 0;
			knownRegions = (
				en,
				Base,
			);
			mainGroup = 18FC3E0A1C5636C200D9AE6C;
			productRefGroup = 18FC3E141C5636C200D9AE6C /* Products */;
			projectDirPath = "";
			projectRoot = "";
			targets = (
				18FC3E121C5636C200D9AE6C /* RetroCalculator */,
			);
		};
/* End PBXProject section */

/* Begin PBXResourcesBuildPhase section */
		18FC3E111C5636C200D9AE6C /* Resources */ = {
			isa = PBXResourcesBuildPhase;
			buildActionMask = 2147483647;
			files = (
				182537611C564714002CDA30 /* btn.wav in Resources */,
				18FC3E211C5636C200D9AE6C /* LaunchScreen.storyboard in Resources */,
				18FC3E1E1C5636C200D9AE6C /* Assets.xcassets in Resources */,
				1825375F1C564350002CDA30 /* Minecraft.ttf in Resources */,
				18FC3E1C1C5636C200D9AE6C /* Main.storyboard in Resources */,
			);
			runOnlyForDeploymentPostprocessing = 0;
		};
/* End PBXResourcesBuildPhase section */

/* Begin PBXSourcesBuildPhase section */
		18FC3E0F1C5636C200D9AE6C /* Sources */ = {
			isa = PBXSourcesBuildPhase;
			buildActionMask = 2147483647;
			files = (
				18FC3E191C5636C200D9AE6C /* ViewController.swift in Sources */,
				18FC3E171C5636C200D9AE6C /* AppDelegate.swift in Sources */,
			);
			runOnlyForDeploymentPostprocessing = 0;
		};
/* End PBXSourcesBuildPhase section */

/* Begin PBXVariantGroup section */
		18FC3E1A1C5636C200D9AE6C /* Main.storyboard */ = {
			isa = PBXVariantGroup;
			children = (
				18FC3E1B1C5636C200D9AE6C /* Base */,
			);
			name = Main.storyboard;
			sourceTree = "<group>";
		};
		18FC3E1F1C5636C200D9AE6C /* LaunchScreen.storyboard */ = {
			isa = PBXVariantGroup;
			children = (
				18FC3E201C5636C200D9AE6C /* Base */,
			);
			name = LaunchScreen.storyboard;
			sourceTree = "<group>";
		};
/* End PBXVariantGroup section */

/* Begin XCBuildConfiguration section */
		18FC3E231C5636C200D9AE6C /* Debug */ = {
			isa = XCBuildConfiguration;
			buildSettings = {
				ALWAYS_SEARCH_USER_PATHS = NO;
				CLANG_CXX_LANGUAGE_STANDARD = "gnu++0x";
				CLANG_CXX_LIBRARY = "libc++";
				CLANG_ENABLE_MODULES = YES;
				CLANG_ENABLE_OBJC_ARC = YES;
				CLANG_WARN_BOOL_CONVERSION = YES;
				CLANG_WARN_CONSTANT_CONVERSION = YES;
				CLANG_WARN_DIRECT_OBJC_ISA_USAGE = YES_ERROR;
				CLANG_WARN_EMPTY_BODY = YES;
				CLANG_WARN_ENUM_CONVERSION = YES;
				CLANG_WARN_INT_CONVERSION = YES;
				CLANG_WARN_OBJC_ROOT_CLASS = YES_ERROR;
				CLANG_WARN_UNREACHABLE_CODE = YES;
				CLANG_WARN__DUPLICATE_METHOD_MATCH = YES;
				"CODE_SIGN_IDENTITY[sdk=iphoneos*]" = "iPhone Developer";
				COPY_PHASE_STRIP = NO;
				DEBUG_INFORMATION_FORMAT = dwarf;
				ENABLE_STRICT_OBJC_MSGSEND = YES;
				ENABLE_TESTABILITY = YES;
				GCC_C_LANGUAGE_STANDARD = gnu99;
				GCC_DYNAMIC_NO_PIC = NO;
				GCC_NO_COMMON_BLOCKS = YES;
				GCC_OPTIMIZATION_LEVEL = 0;
				GCC_PREPROCESSOR_DEFINITIONS = (
					"DEBUG=1",
					"$(inherited)",
				);
				GCC_WARN_64_TO_32_BIT_CONVERSION = YES;
				GCC_WARN_ABOUT_RETURN_TYPE = YES_ERROR;
				GCC_WARN_UNDECLARED_SELECTOR = YES;
				GCC_WARN_UNINITIALIZED_AUTOS = YES_AGGRESSIVE;
				GCC_WARN_UNUSED_FUNCTION = YES;
				GCC_WARN_UNUSED_VARIABLE = YES;
				IPHONEOS_DEPLOYMENT_TARGET = 9.2;
				MTL_ENABLE_DEBUG_INFO = YES;
				ONLY_ACTIVE_ARCH = YES;
				SDKROOT = iphoneos;
				SWIFT_OPTIMIZATION_LEVEL = "-Onone";
			};
			name = Debug;
		};
		18FC3E241C5636C200D9AE6C /* Release */ = {
			isa = XCBuildConfiguration;
			buildSettings = {
				ALWAYS_SEARCH_USER_PATHS = NO;
				CLANG_CXX_LANGUAGE_STANDARD = "gnu++0x";
				CLANG_CXX_LIBRARY = "libc++";
				CLANG_ENABLE_MODULES = YES;
				CLANG_ENABLE_OBJC_ARC = YES;
				CLANG_WARN_BOOL_CONVERSION = YES;
				CLANG_WARN_CONSTANT_CONVERSION = YES;
				CLANG_WARN_DIRECT_OBJC_ISA_USAGE = YES_ERROR;
				CLANG_WARN_EMPTY_BODY = YES;
				CLANG_WARN_ENUM_CONVERSION = YES;
				CLANG_WARN_INT_CONVERSION = YES;
				CLANG_WARN_OBJC_ROOT_CLASS = YES_ERROR;
				CLANG_WARN_UNREACHABLE_CODE = YES;
				CLANG_WARN__DUPLICATE_METHOD_MATCH = YES;
				"CODE_SIGN_IDENTITY[sdk=iphoneos*]" = "iPhone Developer";
				COPY_PHASE_STRIP = NO;
				DEBUG_INFORMATION_FORMAT = "dwarf-with-dsym";
				ENABLE_NS_ASSERTIONS = NO;
				ENABLE_STRICT_OBJC_MSGSEND = YES;
				GCC_C_LANGUAGE_STANDARD = gnu99;
				GCC_NO_COMMON_BLOCKS = YES;
				GCC_WARN_64_TO_32_BIT_CONVERSION = YES;
				GCC_WARN_ABOUT_RETURN_TYPE = YES_ERROR;
				GCC_WARN_UNDECLARED_SELECTOR = YES;
				GCC_WARN_UNINITIALIZED_AUTOS = YES_AGGRESSIVE;
				GCC_WARN_UNUSED_FUNCTION = YES;
				GCC_WARN_UNUSED_VARIABLE = YES;
				IPHONEOS_DEPLOYMENT_TARGET = 9.2;
				MTL_ENABLE_DEBUG_INFO = NO;
				SDKROOT = iphoneos;
				VALIDATE_PRODUCT = YES;
			};
			name = Release;
		};
		18FC3E261C5636C200D9AE6C /* Debug */ = {
			isa = XCBuildConfiguration;
			buildSettings = {
				ASSETCATALOG_COMPILER_APPICON_NAME = AppIcon;
				INFOPLIST_FILE = RetroCalculator/Info.plist;
				LD_RUNPATH_SEARCH_PATHS = "$(inherited) @executable_path/Frameworks";
				PRODUCT_BUNDLE_IDENTIFIER = dk.salameh.RetroCalculator;
				PRODUCT_NAME = "$(TARGET_NAME)";
			};
			name = Debug;
		};
		18FC3E271C5636C200D9AE6C /* Release */ = {
			isa = XCBuildConfiguration;
			buildSettings = {
				ASSETCATALOG_COMPILER_APPICON_NAME = AppIcon;
				INFOPLIST_FILE = RetroCalculator/Info.plist;
				LD_RUNPATH_SEARCH_PATHS = "$(inherited) @executable_path/Frameworks";
				PRODUCT_BUNDLE_IDENTIFIER = dk.salameh.RetroCalculator;
				PRODUCT_NAME = "$(TARGET_NAME)";
			};
			name = Release;
		};
/* End XCBuildConfiguration section */

/* Begin XCConfigurationList section */
		18FC3E0E1C5636C200D9AE6C /* Build configuration list for PBXProject "RetroCalculator" */ = {
			isa = XCConfigurationList;
			buildConfigurations = (
				18FC3E231C5636C200D9AE6C /* Debug */,
				18FC3E241C5636C200D9AE6C /* Release */,
			);
			defaultConfigurationIsVisible = 0;
			defaultConfigurationName = Release;
		};
		18FC3E251C5636C200D9AE6C /* Build configuration list for PBXNativeTarget "RetroCalculator" */ = {
			isa = XCConfigurationList;
			buildConfigurations = (
				18FC3E261C5636C200D9AE6C /* Debug */,
				18FC3E271C5636C200D9AE6C /* Release */,
			);
			defaultConfigurationIsVisible = 0;
			defaultConfigurationName = Release;
		};
/* End XCConfigurationList section */
	};
	rootObject = 18FC3E0B1C5636C200D9AE6C /* Project object */;
}
