// !$*UTF8*$!
{
	archiveVersion = 1;
	classes = {
	};
	objectVersion = 46;
	objects = {

/* Begin PBXBuildFile section */
		189620581C5EB32500E0F08D /* AppDelegate.swift in Sources */ = {isa = PBXBuildFile; fileRef = 189620571C5EB32500E0F08D /* AppDelegate.swift */; };
		1896205A1C5EB32500E0F08D /* YellowVC.swift in Sources */ = {isa = PBXBuildFile; fileRef = 189620591C5EB32500E0F08D /* YellowVC.swift */; };
		1896205F1C5EB32500E0F08D /* Assets.xcassets in Resources */ = {isa = PBXBuildFile; fileRef = 1896205E1C5EB32500E0F08D /* Assets.xcassets */; };
		189620621C5EB32500E0F08D /* LaunchScreen.storyboard in Resources */ = {isa = PBXBuildFile; fileRef = 189620601C5EB32500E0F08D /* LaunchScreen.storyboard */; };
		1896206A1C5EB3BF00E0F08D /* YellowVC.xib in Resources */ = {isa = PBXBuildFile; fileRef = 189620691C5EB3BF00E0F08D /* YellowVC.xib */; };
		189620701C5EB5FE00E0F08D /* BlueVC.swift in Sources */ = {isa = PBXBuildFile; fileRef = 1896206E1C5EB5FE00E0F08D /* BlueVC.swift */; };
		189620711C5EB5FE00E0F08D /* BlueVC.xib in Resources */ = {isa = PBXBuildFile; fileRef = 1896206F1C5EB5FE00E0F08D /* BlueVC.xib */; };
/* End PBXBuildFile section */

/* Begin PBXFileReference section */
		189620541C5EB32500E0F08D /* no-storyboards.app */ = {isa = PBXFileReference; explicitFileType = wrapper.application; includeInIndex = 0; path = "no-storyboards.app"; sourceTree = BUILT_PRODUCTS_DIR; };
		189620571C5EB32500E0F08D /* AppDelegate.swift */ = {isa = PBXFileReference; lastKnownFileType = sourcecode.swift; path = AppDelegate.swift; sourceTree = "<group>"; };
		189620591C5EB32500E0F08D /* YellowVC.swift */ = {isa = PBXFileReference; lastKnownFileType = sourcecode.swift; path = YellowVC.swift; sourceTree = "<group>"; };
		1896205E1C5EB32500E0F08D /* Assets.xcassets */ = {isa = PBXFileReference; lastKnownFileType = folder.assetcatalog; path = Assets.xcassets; sourceTree = "<group>"; };
		189620611C5EB32500E0F08D /* Base */ = {isa = PBXFileReference; lastKnownFileType = file.storyboard; name = Base; path = Base.lproj/LaunchScreen.storyboard; sourceTree = "<group>"; };
		189620631C5EB32500E0F08D /* Info.plist */ = {isa = PBXFileReference; lastKnownFileType = text.plist.xml; path = Info.plist; sourceTree = "<group>"; };
		189620691C5EB3BF00E0F08D /* YellowVC.xib */ = {isa = PBXFileReference; fileEncoding = 4; lastKnownFileType = file.xib; path = YellowVC.xib; sourceTree = "<group>"; };
		1896206E1C5EB5FE00E0F08D /* BlueVC.swift */ = {isa = PBXFileReference; fileEncoding = 4; lastKnownFileType = sourcecode.swift; path = BlueVC.swift; sourceTree = "<group>"; };
		1896206F1C5EB5FE00E0F08D /* BlueVC.xib */ = {isa = PBXFileReference; fileEncoding = 4; lastKnownFileType = file.xib; path = BlueVC.xib; sourceTree = "<group>"; };
/* End PBXFileReference section */

/* Begin PBXFrameworksBuildPhase section */
		189620511C5EB32500E0F08D /* Frameworks */ = {
			isa = PBXFrameworksBuildPhase;
			buildActionMask = 2147483647;
			files = (
			);
			runOnlyForDeploymentPostprocessing = 0;
		};
/* End PBXFrameworksBuildPhase section */

/* Begin PBXGroup section */
		1896204B1C5EB32500E0F08D = {
			isa = PBXGroup;
			children = (
				189620561C5EB32500E0F08D /* no-storyboards */,
				189620551C5EB32500E0F08D /* Products */,
			);
			sourceTree = "<group>";
		};
		189620551C5EB32500E0F08D /* Products */ = {
			isa = PBXGroup;
			children = (
				189620541C5EB32500E0F08D /* no-storyboards.app */,
			);
			name = Products;
			sourceTree = "<group>";
		};
		189620561C5EB32500E0F08D /* no-storyboards */ = {
			isa = PBXGroup;
			children = (
				1896206D1C5EB3D000E0F08D /* Controller */,
				1896206C1C5EB3CA00E0F08D /* View */,
				1896206B1C5EB3C400E0F08D /* Modal */,
				189620571C5EB32500E0F08D /* AppDelegate.swift */,
				1896205E1C5EB32500E0F08D /* Assets.xcassets */,
				189620601C5EB32500E0F08D /* LaunchScreen.storyboard */,
				189620631C5EB32500E0F08D /* Info.plist */,
			);
			path = "no-storyboards";
			sourceTree = "<group>";
		};
		1896206B1C5EB3C400E0F08D /* Modal */ = {
			isa = PBXGroup;
			children = (
			);
			name = Modal;
			sourceTree = "<group>";
		};
		1896206C1C5EB3CA00E0F08D /* View */ = {
			isa = PBXGroup;
			children = (
				1896206F1C5EB5FE00E0F08D /* BlueVC.xib */,
				189620691C5EB3BF00E0F08D /* YellowVC.xib */,
			);
			name = View;
			sourceTree = "<group>";
		};
		1896206D1C5EB3D000E0F08D /* Controller */ = {
			isa = PBXGroup;
			children = (
				189620591C5EB32500E0F08D /* YellowVC.swift */,
				1896206E1C5EB5FE00E0F08D /* BlueVC.swift */,
			);
			name = Controller;
			sourceTree = "<group>";
		};
/* End PBXGroup section */

/* Begin PBXNativeTarget section */
		189620531C5EB32500E0F08D /* no-storyboards */ = {
			isa = PBXNativeTarget;
			buildConfigurationList = 189620661C5EB32500E0F08D /* Build configuration list for PBXNativeTarget "no-storyboards" */;
			buildPhases = (
				189620501C5EB32500E0F08D /* Sources */,
				189620511C5EB32500E0F08D /* Frameworks */,
				189620521C5EB32500E0F08D /* Resources */,
			);
			buildRules = (
			);
			dependencies = (
			);
			name = "no-storyboards";
			productName = "no-storyboards";
			productReference = 189620541C5EB32500E0F08D /* no-storyboards.app */;
			productType = "com.apple.product-type.application";
		};
/* End PBXNativeTarget section */

/* Begin PBXProject section */
		1896204C1C5EB32500E0F08D /* Project object */ = {
			isa = PBXProject;
			attributes = {
				LastSwiftUpdateCheck = 0720;
				LastUpgradeCheck = 0720;
				ORGANIZATIONNAME = "Mohammed Joseph Petrelli Salameh";
				TargetAttributes = {
					189620531C5EB32500E0F08D = {
						CreatedOnToolsVersion = 7.2;
						DevelopmentTeam = XY2PLHYP4U;
					};
				};
			};
			buildConfigurationList = 1896204F1C5EB32500E0F08D /* Build configuration list for PBXProject "no-storyboards" */;
			compatibilityVersion = "Xcode 3.2";
			developmentRegion = English;
			hasScannedForEncodings = 0;
			knownRegions = (
				en,
				Base,
			);
			mainGroup = 1896204B1C5EB32500E0F08D;
			productRefGroup = 189620551C5EB32500E0F08D /* Products */;
			projectDirPath = "";
			projectRoot = "";
			targets = (
				189620531C5EB32500E0F08D /* no-storyboards */,
			);
		};
/* End PBXProject section */

/* Begin PBXResourcesBuildPhase section */
		189620521C5EB32500E0F08D /* Resources */ = {
			isa = PBXResourcesBuildPhase;
			buildActionMask = 2147483647;
			files = (
				189620711C5EB5FE00E0F08D /* BlueVC.xib in Resources */,
				1896206A1C5EB3BF00E0F08D /* YellowVC.xib in Resources */,
				189620621C5EB32500E0F08D /* LaunchScreen.storyboard in Resources */,
				1896205F1C5EB32500E0F08D /* Assets.xcassets in Resources */,
			);
			runOnlyForDeploymentPostprocessing = 0;
		};
/* End PBXResourcesBuildPhase section */

/* Begin PBXSourcesBuildPhase section */
		189620501C5EB32500E0F08D /* Sources */ = {
			isa = PBXSourcesBuildPhase;
			buildActionMask = 2147483647;
			files = (
				1896205A1C5EB32500E0F08D /* YellowVC.swift in Sources */,
				189620581C5EB32500E0F08D /* AppDelegate.swift in Sources */,
				189620701C5EB5FE00E0F08D /* BlueVC.swift in Sources */,
			);
			runOnlyForDeploymentPostprocessing = 0;
		};
/* End PBXSourcesBuildPhase section */

/* Begin PBXVariantGroup section */
		189620601C5EB32500E0F08D /* LaunchScreen.storyboard */ = {
			isa = PBXVariantGroup;
			children = (
				189620611C5EB32500E0F08D /* Base */,
			);
			name = LaunchScreen.storyboard;
			sourceTree = "<group>";
		};
/* End PBXVariantGroup section */

/* Begin XCBuildConfiguration section */
		189620641C5EB32500E0F08D /* Debug */ = {
			isa = XCBuildConfiguration;
			buildSettings = {
				ALWAYS_SEARCH_USER_PATHS = NO;
				CLANG_CXX_LANGUAGE_STANDARD = "gnu++0x";
				CLANG_CXX_LIBRARY = "libc++";
				CLANG_ENABLE_MODULES = YES;
				CLANG_ENABLE_OBJC_ARC = YES;
				CLANG_WARN_BOOL_CONVERSION = YES;
				CLANG_WARN_CONSTANT_CONVERSION = YES;
				CLANG_WARN_DIRECT_OBJC_ISA_USAGE = YES_ERROR;
				CLANG_WARN_EMPTY_BODY = YES;
				CLANG_WARN_ENUM_CONVERSION = YES;
				CLANG_WARN_INT_CONVERSION = YES;
				CLANG_WARN_OBJC_ROOT_CLASS = YES_ERROR;
				CLANG_WARN_UNREACHABLE_CODE = YES;
				CLANG_WARN__DUPLICATE_METHOD_MATCH = YES;
				"CODE_SIGN_IDENTITY[sdk=iphoneos*]" = "iPhone Developer";
				COPY_PHASE_STRIP = NO;
				DEBUG_INFORMATION_FORMAT = dwarf;
				ENABLE_STRICT_OBJC_MSGSEND = YES;
				ENABLE_TESTABILITY = YES;
				GCC_C_LANGUAGE_STANDARD = gnu99;
				GCC_DYNAMIC_NO_PIC = NO;
				GCC_NO_COMMON_BLOCKS = YES;
				GCC_OPTIMIZATION_LEVEL = 0;
				GCC_PREPROCESSOR_DEFINITIONS = (
					"DEBUG=1",
					"$(inherited)",
				);
				GCC_WARN_64_TO_32_BIT_CONVERSION = YES;
				GCC_WARN_ABOUT_RETURN_TYPE = YES_ERROR;
				GCC_WARN_UNDECLARED_SELECTOR = YES;
				GCC_WARN_UNINITIALIZED_AUTOS = YES_AGGRESSIVE;
				GCC_WARN_UNUSED_FUNCTION = YES;
				GCC_WARN_UNUSED_VARIABLE = YES;
				IPHONEOS_DEPLOYMENT_TARGET = 9.2;
				MTL_ENABLE_DEBUG_INFO = YES;
				ONLY_ACTIVE_ARCH = YES;
				SDKROOT = iphoneos;
				SWIFT_OPTIMIZATION_LEVEL = "-Onone";
				TARGETED_DEVICE_FAMILY = "1,2";
			};
			name = Debug;
		};
		189620651C5EB32500E0F08D /* Release */ = {
			isa = XCBuildConfiguration;
			buildSettings = {
				ALWAYS_SEARCH_USER_PATHS = NO;
				CLANG_CXX_LANGUAGE_STANDARD = "gnu++0x";
				CLANG_CXX_LIBRARY = "libc++";
				CLANG_ENABLE_MODULES = YES;
				CLANG_ENABLE_OBJC_ARC = YES;
				CLANG_WARN_BOOL_CONVERSION = YES;
				CLANG_WARN_CONSTANT_CONVERSION = YES;
				CLANG_WARN_DIRECT_OBJC_ISA_USAGE = YES_ERROR;
				CLANG_WARN_EMPTY_BODY = YES;
				CLANG_WARN_ENUM_CONVERSION = YES;
				CLANG_WARN_INT_CONVERSION = YES;
				CLANG_WARN_OBJC_ROOT_CLASS = YES_ERROR;
				CLANG_WARN_UNREACHABLE_CODE = YES;
				CLANG_WARN__DUPLICATE_METHOD_MATCH = YES;
				"CODE_SIGN_IDENTITY[sdk=iphoneos*]" = "iPhone Developer";
				COPY_PHASE_STRIP = NO;
				DEBUG_INFORMATION_FORMAT = "dwarf-with-dsym";
				ENABLE_NS_ASSERTIONS = NO;
				ENABLE_STRICT_OBJC_MSGSEND = YES;
				GCC_C_LANGUAGE_STANDARD = gnu99;
				GCC_NO_COMMON_BLOCKS = YES;
				GCC_WARN_64_TO_32_BIT_CONVERSION = YES;
				GCC_WARN_ABOUT_RETURN_TYPE = YES_ERROR;
				GCC_WARN_UNDECLARED_SELECTOR = YES;
				GCC_WARN_UNINITIALIZED_AUTOS = YES_AGGRESSIVE;
				GCC_WARN_UNUSED_FUNCTION = YES;
				GCC_WARN_UNUSED_VARIABLE = YES;
				IPHONEOS_DEPLOYMENT_TARGET = 9.2;
				MTL_ENABLE_DEBUG_INFO = NO;
				SDKROOT = iphoneos;
				TARGETED_DEVICE_FAMILY = "1,2";
				VALIDATE_PRODUCT = YES;
			};
			name = Release;
		};
		189620671C5EB32500E0F08D /* Debug */ = {
			isa = XCBuildConfiguration;
			buildSettings = {
				ASSETCATALOG_COMPILER_APPICON_NAME = AppIcon;
				INFOPLIST_FILE = "no-storyboards/Info.plist";
				LD_RUNPATH_SEARCH_PATHS = "$(inherited) @executable_path/Frameworks";
				PRODUCT_BUNDLE_IDENTIFIER = "dk.salameh.no-storyboards";
				PRODUCT_NAME = "$(TARGET_NAME)";
			};
			name = Debug;
		};
		189620681C5EB32500E0F08D /* Release */ = {
			isa = XCBuildConfiguration;
			buildSettings = {
				ASSETCATALOG_COMPILER_APPICON_NAME = AppIcon;
				INFOPLIST_FILE = "no-storyboards/Info.plist";
				LD_RUNPATH_SEARCH_PATHS = "$(inherited) @executable_path/Frameworks";
				PRODUCT_BUNDLE_IDENTIFIER = "dk.salameh.no-storyboards";
				PRODUCT_NAME = "$(TARGET_NAME)";
			};
			name = Release;
		};
/* End XCBuildConfiguration section */

/* Begin XCConfigurationList section */
		1896204F1C5EB32500E0F08D /* Build configuration list for PBXProject "no-storyboards" */ = {
			isa = XCConfigurationList;
			buildConfigurations = (
				189620641C5EB32500E0F08D /* Debug */,
				189620651C5EB32500E0F08D /* Release */,
			);
			defaultConfigurationIsVisible = 0;
			defaultConfigurationName = Release;
		};
		189620661C5EB32500E0F08D /* Build configuration list for PBXNativeTarget "no-storyboards" */ = {
			isa = XCConfigurationList;
			buildConfigurations = (
				189620671C5EB32500E0F08D /* Debug */,
				189620681C5EB32500E0F08D /* Release */,
			);
			defaultConfigurationIsVisible = 0;
		};
/* End XCConfigurationList section */
	};
	rootObject = 1896204C1C5EB32500E0F08D /* Project object */;
}
