// !$*UTF8*$!
{
	archiveVersion = 1;
	classes = {
	};
	objectVersion = 46;
	objects = {

/* Begin PBXBuildFile section */
		1877DDD71C6272B400FE5B9B /* Person.swift in Sources */ = {isa = PBXBuildFile; fileRef = 1877DDD61C6272B400FE5B9B /* Person.swift */; };
		18CDE0EA1C626A8C00BF3AF6 /* AppDelegate.swift in Sources */ = {isa = PBXBuildFile; fileRef = 18CDE0E91C626A8C00BF3AF6 /* AppDelegate.swift */; };
		18CDE0EC1C626A8C00BF3AF6 /* ViewController.swift in Sources */ = {isa = PBXBuildFile; fileRef = 18CDE0EB1C626A8C00BF3AF6 /* ViewController.swift */; };
		18CDE0EF1C626A8C00BF3AF6 /* Main.storyboard in Resources */ = {isa = PBXBuildFile; fileRef = 18CDE0ED1C626A8C00BF3AF6 /* Main.storyboard */; };
		18CDE0F11C626A8C00BF3AF6 /* Assets.xcassets in Resources */ = {isa = PBXBuildFile; fileRef = 18CDE0F01C626A8C00BF3AF6 /* Assets.xcassets */; };
		18CDE0F41C626A8C00BF3AF6 /* LaunchScreen.storyboard in Resources */ = {isa = PBXBuildFile; fileRef = 18CDE0F21C626A8C00BF3AF6 /* LaunchScreen.storyboard */; };
/* End PBXBuildFile section */

/* Begin PBXFileReference section */
		1877DDD61C6272B400FE5B9B /* Person.swift */ = {isa = PBXFileReference; fileEncoding = 4; lastKnownFileType = sourcecode.swift; path = Person.swift; sourceTree = "<group>"; };
		18CDE0E61C626A8C00BF3AF6 /* webRequestTest.app */ = {isa = PBXFileReference; explicitFileType = wrapper.application; includeInIndex = 0; path = webRequestTest.app; sourceTree = BUILT_PRODUCTS_DIR; };
		18CDE0E91C626A8C00BF3AF6 /* AppDelegate.swift */ = {isa = PBXFileReference; lastKnownFileType = sourcecode.swift; path = AppDelegate.swift; sourceTree = "<group>"; };
		18CDE0EB1C626A8C00BF3AF6 /* ViewController.swift */ = {isa = PBXFileReference; lastKnownFileType = sourcecode.swift; path = ViewController.swift; sourceTree = "<group>"; };
		18CDE0EE1C626A8C00BF3AF6 /* Base */ = {isa = PBXFileReference; lastKnownFileType = file.storyboard; name = Base; path = Base.lproj/Main.storyboard; sourceTree = "<group>"; };
		18CDE0F01C626A8C00BF3AF6 /* Assets.xcassets */ = {isa = PBXFileReference; lastKnownFileType = folder.assetcatalog; path = Assets.xcassets; sourceTree = "<group>"; };
		18CDE0F31C626A8C00BF3AF6 /* Base */ = {isa = PBXFileReference; lastKnownFileType = file.storyboard; name = Base; path = Base.lproj/LaunchScreen.storyboard; sourceTree = "<group>"; };
		18CDE0F51C626A8C00BF3AF6 /* Info.plist */ = {isa = PBXFileReference; lastKnownFileType = text.plist.xml; path = Info.plist; sourceTree = "<group>"; };
/* End PBXFileReference section */

/* Begin PBXFrameworksBuildPhase section */
		18CDE0E31C626A8C00BF3AF6 /* Frameworks */ = {
			isa = PBXFrameworksBuildPhase;
			buildActionMask = 2147483647;
			files = (
			);
			runOnlyForDeploymentPostprocessing = 0;
		};
/* End PBXFrameworksBuildPhase section */

/* Begin PBXGroup section */
		1877DDD51C6272A200FE5B9B /* Model */ = {
			isa = PBXGroup;
			children = (
				1877DDD61C6272B400FE5B9B /* Person.swift */,
			);
			name = Model;
			sourceTree = "<group>";
		};
		18CDE0DD1C626A8C00BF3AF6 = {
			isa = PBXGroup;
			children = (
				18CDE0E81C626A8C00BF3AF6 /* webRequestTest */,
				18CDE0E71C626A8C00BF3AF6 /* Products */,
			);
			sourceTree = "<group>";
		};
		18CDE0E71C626A8C00BF3AF6 /* Products */ = {
			isa = PBXGroup;
			children = (
				18CDE0E61C626A8C00BF3AF6 /* webRequestTest.app */,
			);
			name = Products;
			sourceTree = "<group>";
		};
		18CDE0E81C626A8C00BF3AF6 /* webRequestTest */ = {
			isa = PBXGroup;
			children = (
				1877DDD51C6272A200FE5B9B /* Model */,
				18CDE0E91C626A8C00BF3AF6 /* AppDelegate.swift */,
				18CDE0EB1C626A8C00BF3AF6 /* ViewController.swift */,
				18CDE0ED1C626A8C00BF3AF6 /* Main.storyboard */,
				18CDE0F01C626A8C00BF3AF6 /* Assets.xcassets */,
				18CDE0F21C626A8C00BF3AF6 /* LaunchScreen.storyboard */,
				18CDE0F51C626A8C00BF3AF6 /* Info.plist */,
			);
			path = webRequestTest;
			sourceTree = "<group>";
		};
/* End PBXGroup section */

/* Begin PBXNativeTarget section */
		18CDE0E51C626A8C00BF3AF6 /* webRequestTest */ = {
			isa = PBXNativeTarget;
			buildConfigurationList = 18CDE0F81C626A8C00BF3AF6 /* Build configuration list for PBXNativeTarget "webRequestTest" */;
			buildPhases = (
				18CDE0E21C626A8C00BF3AF6 /* Sources */,
				18CDE0E31C626A8C00BF3AF6 /* Frameworks */,
				18CDE0E41C626A8C00BF3AF6 /* Resources */,
			);
			buildRules = (
			);
			dependencies = (
			);
			name = webRequestTest;
			productName = webRequestTest;
			productReference = 18CDE0E61C626A8C00BF3AF6 /* webRequestTest.app */;
			productType = "com.apple.product-type.application";
		};
/* End PBXNativeTarget section */

/* Begin PBXProject section */
		18CDE0DE1C626A8C00BF3AF6 /* Project object */ = {
			isa = PBXProject;
			attributes = {
				LastSwiftUpdateCheck = 0720;
				LastUpgradeCheck = 0720;
				ORGANIZATIONNAME = "Mohammed Joseph Petrelli Salameh";
				TargetAttributes = {
					18CDE0E51C626A8C00BF3AF6 = {
						CreatedOnToolsVersion = 7.2;
						DevelopmentTeam = XY2PLHYP4U;
					};
				};
			};
			buildConfigurationList = 18CDE0E11C626A8C00BF3AF6 /* Build configuration list for PBXProject "webRequestTest" */;
			compatibilityVersion = "Xcode 3.2";
			developmentRegion = English;
			hasScannedForEncodings = 0;
			knownRegions = (
				en,
				Base,
			);
			mainGroup = 18CDE0DD1C626A8C00BF3AF6;
			productRefGroup = 18CDE0E71C626A8C00BF3AF6 /* Products */;
			projectDirPath = "";
			projectRoot = "";
			targets = (
				18CDE0E51C626A8C00BF3AF6 /* webRequestTest */,
			);
		};
/* End PBXProject section */

/* Begin PBXResourcesBuildPhase section */
		18CDE0E41C626A8C00BF3AF6 /* Resources */ = {
			isa = PBXResourcesBuildPhase;
			buildActionMask = 2147483647;
			files = (
				18CDE0F41C626A8C00BF3AF6 /* LaunchScreen.storyboard in Resources */,
				18CDE0F11C626A8C00BF3AF6 /* Assets.xcassets in Resources */,
				18CDE0EF1C626A8C00BF3AF6 /* Main.storyboard in Resources */,
			);
			runOnlyForDeploymentPostprocessing = 0;
		};
/* End PBXResourcesBuildPhase section */

/* Begin PBXSourcesBuildPhase section */
		18CDE0E21C626A8C00BF3AF6 /* Sources */ = {
			isa = PBXSourcesBuildPhase;
			buildActionMask = 2147483647;
			files = (
				1877DDD71C6272B400FE5B9B /* Person.swift in Sources */,
				18CDE0EC1C626A8C00BF3AF6 /* ViewController.swift in Sources */,
				18CDE0EA1C626A8C00BF3AF6 /* AppDelegate.swift in Sources */,
			);
			runOnlyForDeploymentPostprocessing = 0;
		};
/* End PBXSourcesBuildPhase section */

/* Begin PBXVariantGroup section */
		18CDE0ED1C626A8C00BF3AF6 /* Main.storyboard */ = {
			isa = PBXVariantGroup;
			children = (
				18CDE0EE1C626A8C00BF3AF6 /* Base */,
			);
			name = Main.storyboard;
			sourceTree = "<group>";
		};
		18CDE0F21C626A8C00BF3AF6 /* LaunchScreen.storyboard */ = {
			isa = PBXVariantGroup;
			children = (
				18CDE0F31C626A8C00BF3AF6 /* Base */,
			);
			name = LaunchScreen.storyboard;
			sourceTree = "<group>";
		};
/* End PBXVariantGroup section */

/* Begin XCBuildConfiguration section */
		18CDE0F61C626A8C00BF3AF6 /* Debug */ = {
			isa = XCBuildConfiguration;
			buildSettings = {
				ALWAYS_SEARCH_USER_PATHS = NO;
				CLANG_CXX_LANGUAGE_STANDARD = "gnu++0x";
				CLANG_CXX_LIBRARY = "libc++";
				CLANG_ENABLE_MODULES = YES;
				CLANG_ENABLE_OBJC_ARC = YES;
				CLANG_WARN_BOOL_CONVERSION = YES;
				CLANG_WARN_CONSTANT_CONVERSION = YES;
				CLANG_WARN_DIRECT_OBJC_ISA_USAGE = YES_ERROR;
				CLANG_WARN_EMPTY_BODY = YES;
				CLANG_WARN_ENUM_CONVERSION = YES;
				CLANG_WARN_INT_CONVERSION = YES;
				CLANG_WARN_OBJC_ROOT_CLASS = YES_ERROR;
				CLANG_WARN_UNREACHABLE_CODE = YES;
				CLANG_WARN__DUPLICATE_METHOD_MATCH = YES;
				"CODE_SIGN_IDENTITY[sdk=iphoneos*]" = "iPhone Developer";
				COPY_PHASE_STRIP = NO;
				DEBUG_INFORMATION_FORMAT = dwarf;
				ENABLE_STRICT_OBJC_MSGSEND = YES;
				ENABLE_TESTABILITY = YES;
				GCC_C_LANGUAGE_STANDARD = gnu99;
				GCC_DYNAMIC_NO_PIC = NO;
				GCC_NO_COMMON_BLOCKS = YES;
				GCC_OPTIMIZATION_LEVEL = 0;
				GCC_PREPROCESSOR_DEFINITIONS = (
					"DEBUG=1",
					"$(inherited)",
				);
				GCC_WARN_64_TO_32_BIT_CONVERSION = YES;
				GCC_WARN_ABOUT_RETURN_TYPE = YES_ERROR;
				GCC_WARN_UNDECLARED_SELECTOR = YES;
				GCC_WARN_UNINITIALIZED_AUTOS = YES_AGGRESSIVE;
				GCC_WARN_UNUSED_FUNCTION = YES;
				GCC_WARN_UNUSED_VARIABLE = YES;
				IPHONEOS_DEPLOYMENT_TARGET = 9.2;
				MTL_ENABLE_DEBUG_INFO = YES;
				ONLY_ACTIVE_ARCH = YES;
				SDKROOT = iphoneos;
				SWIFT_OPTIMIZATION_LEVEL = "-Onone";
				TARGETED_DEVICE_FAMILY = "1,2";
			};
			name = Debug;
		};
		18CDE0F71C626A8C00BF3AF6 /* Release */ = {
			isa = XCBuildConfiguration;
			buildSettings = {
				ALWAYS_SEARCH_USER_PATHS = NO;
				CLANG_CXX_LANGUAGE_STANDARD = "gnu++0x";
				CLANG_CXX_LIBRARY = "libc++";
				CLANG_ENABLE_MODULES = YES;
				CLANG_ENABLE_OBJC_ARC = YES;
				CLANG_WARN_BOOL_CONVERSION = YES;
				CLANG_WARN_CONSTANT_CONVERSION = YES;
				CLANG_WARN_DIRECT_OBJC_ISA_USAGE = YES_ERROR;
				CLANG_WARN_EMPTY_BODY = YES;
				CLANG_WARN_ENUM_CONVERSION = YES;
				CLANG_WARN_INT_CONVERSION = YES;
				CLANG_WARN_OBJC_ROOT_CLASS = YES_ERROR;
				CLANG_WARN_UNREACHABLE_CODE = YES;
				CLANG_WARN__DUPLICATE_METHOD_MATCH = YES;
				"CODE_SIGN_IDENTITY[sdk=iphoneos*]" = "iPhone Developer";
				COPY_PHASE_STRIP = NO;
				DEBUG_INFORMATION_FORMAT = "dwarf-with-dsym";
				ENABLE_NS_ASSERTIONS = NO;
				ENABLE_STRICT_OBJC_MSGSEND = YES;
				GCC_C_LANGUAGE_STANDARD = gnu99;
				GCC_NO_COMMON_BLOCKS = YES;
				GCC_WARN_64_TO_32_BIT_CONVERSION = YES;
				GCC_WARN_ABOUT_RETURN_TYPE = YES_ERROR;
				GCC_WARN_UNDECLARED_SELECTOR = YES;
				GCC_WARN_UNINITIALIZED_AUTOS = YES_AGGRESSIVE;
				GCC_WARN_UNUSED_FUNCTION = YES;
				GCC_WARN_UNUSED_VARIABLE = YES;
				IPHONEOS_DEPLOYMENT_TARGET = 9.2;
				MTL_ENABLE_DEBUG_INFO = NO;
				SDKROOT = iphoneos;
				TARGETED_DEVICE_FAMILY = "1,2";
				VALIDATE_PRODUCT = YES;
			};
			name = Release;
		};
		18CDE0F91C626A8C00BF3AF6 /* Debug */ = {
			isa = XCBuildConfiguration;
			buildSettings = {
				ASSETCATALOG_COMPILER_APPICON_NAME = AppIcon;
				INFOPLIST_FILE = webRequestTest/Info.plist;
				LD_RUNPATH_SEARCH_PATHS = "$(inherited) @executable_path/Frameworks";
				PRODUCT_BUNDLE_IDENTIFIER = dk.salameh.webRequestTest;
				PRODUCT_NAME = "$(TARGET_NAME)";
			};
			name = Debug;
		};
		18CDE0FA1C626A8C00BF3AF6 /* Release */ = {
			isa = XCBuildConfiguration;
			buildSettings = {
				ASSETCATALOG_COMPILER_APPICON_NAME = AppIcon;
				INFOPLIST_FILE = webRequestTest/Info.plist;
				LD_RUNPATH_SEARCH_PATHS = "$(inherited) @executable_path/Frameworks";
				PRODUCT_BUNDLE_IDENTIFIER = dk.salameh.webRequestTest;
				PRODUCT_NAME = "$(TARGET_NAME)";
			};
			name = Release;
		};
/* End XCBuildConfiguration section */

/* Begin XCConfigurationList section */
		18CDE0E11C626A8C00BF3AF6 /* Build configuration list for PBXProject "webRequestTest" */ = {
			isa = XCConfigurationList;
			buildConfigurations = (
				18CDE0F61C626A8C00BF3AF6 /* Debug */,
				18CDE0F71C626A8C00BF3AF6 /* Release */,
			);
			defaultConfigurationIsVisible = 0;
			defaultConfigurationName = Release;
		};
		18CDE0F81C626A8C00BF3AF6 /* Build configuration list for PBXNativeTarget "webRequestTest" */ = {
			isa = XCConfigurationList;
			buildConfigurations = (
				18CDE0F91C626A8C00BF3AF6 /* Debug */,
				18CDE0FA1C626A8C00BF3AF6 /* Release */,
			);
			defaultConfigurationIsVisible = 0;
			defaultConfigurationName = Release;
		};
/* End XCConfigurationList section */
	};
	rootObject = 18CDE0DE1C626A8C00BF3AF6 /* Project object */;
}
