// !$*UTF8*$!
{
	archiveVersion = 1;
	classes = {
	};
	objectVersion = 46;
	objects = {

/* Begin PBXBuildFile section */
		184698241C6033EE0095D64B /* AppDelegate.swift in Sources */ = {isa = PBXBuildFile; fileRef = 184698231C6033EE0095D64B /* AppDelegate.swift */; };
		184698261C6033EE0095D64B /* ViewController.swift in Sources */ = {isa = PBXBuildFile; fileRef = 184698251C6033EE0095D64B /* ViewController.swift */; };
		184698291C6033EE0095D64B /* Main.storyboard in Resources */ = {isa = PBXBuildFile; fileRef = 184698271C6033EE0095D64B /* Main.storyboard */; };
		1846982C1C6033EE0095D64B /* Recipez.xcdatamodeld in Sources */ = {isa = PBXBuildFile; fileRef = 1846982A1C6033EE0095D64B /* Recipez.xcdatamodeld */; };
		1846982E1C6033EE0095D64B /* Assets.xcassets in Resources */ = {isa = PBXBuildFile; fileRef = 1846982D1C6033EE0095D64B /* Assets.xcassets */; };
		184698311C6033EE0095D64B /* LaunchScreen.storyboard in Resources */ = {isa = PBXBuildFile; fileRef = 1846982F1C6033EE0095D64B /* LaunchScreen.storyboard */; };
		1846983D1C6039850095D64B /* Recipe+CoreDataProperties.swift in Sources */ = {isa = PBXBuildFile; fileRef = 1846983B1C6039850095D64B /* Recipe+CoreDataProperties.swift */; };
		1846983E1C6039850095D64B /* Recipe.swift in Sources */ = {isa = PBXBuildFile; fileRef = 1846983C1C6039850095D64B /* Recipe.swift */; };
		184698411C603AEB0095D64B /* RecipeCell.swift in Sources */ = {isa = PBXBuildFile; fileRef = 184698401C603AEB0095D64B /* RecipeCell.swift */; };
		184698431C603EC50095D64B /* CreateRecipeVC.swift in Sources */ = {isa = PBXBuildFile; fileRef = 184698421C603EC50095D64B /* CreateRecipeVC.swift */; };
/* End PBXBuildFile section */

/* Begin PBXFileReference section */
		184698201C6033EE0095D64B /* Recipez.app */ = {isa = PBXFileReference; explicitFileType = wrapper.application; includeInIndex = 0; path = Recipez.app; sourceTree = BUILT_PRODUCTS_DIR; };
		184698231C6033EE0095D64B /* AppDelegate.swift */ = {isa = PBXFileReference; lastKnownFileType = sourcecode.swift; path = AppDelegate.swift; sourceTree = "<group>"; };
		184698251C6033EE0095D64B /* ViewController.swift */ = {isa = PBXFileReference; lastKnownFileType = sourcecode.swift; path = ViewController.swift; sourceTree = "<group>"; };
		184698281C6033EE0095D64B /* Base */ = {isa = PBXFileReference; lastKnownFileType = file.storyboard; name = Base; path = Base.lproj/Main.storyboard; sourceTree = "<group>"; };
		1846982B1C6033EE0095D64B /* Recipez.xcdatamodel */ = {isa = PBXFileReference; lastKnownFileType = wrapper.xcdatamodel; path = Recipez.xcdatamodel; sourceTree = "<group>"; };
		1846982D1C6033EE0095D64B /* Assets.xcassets */ = {isa = PBXFileReference; lastKnownFileType = folder.assetcatalog; path = Assets.xcassets; sourceTree = "<group>"; };
		184698301C6033EE0095D64B /* Base */ = {isa = PBXFileReference; lastKnownFileType = file.storyboard; name = Base; path = Base.lproj/LaunchScreen.storyboard; sourceTree = "<group>"; };
		184698321C6033EE0095D64B /* Info.plist */ = {isa = PBXFileReference; lastKnownFileType = text.plist.xml; path = Info.plist; sourceTree = "<group>"; };
		1846983B1C6039850095D64B /* Recipe+CoreDataProperties.swift */ = {isa = PBXFileReference; fileEncoding = 4; lastKnownFileType = sourcecode.swift; name = "Recipe+CoreDataProperties.swift"; path = "../Recipe+CoreDataProperties.swift"; sourceTree = "<group>"; };
		1846983C1C6039850095D64B /* Recipe.swift */ = {isa = PBXFileReference; fileEncoding = 4; lastKnownFileType = sourcecode.swift; name = Recipe.swift; path = ../Recipe.swift; sourceTree = "<group>"; };
		184698401C603AEB0095D64B /* RecipeCell.swift */ = {isa = PBXFileReference; fileEncoding = 4; lastKnownFileType = sourcecode.swift; path = RecipeCell.swift; sourceTree = "<group>"; };
		184698421C603EC50095D64B /* CreateRecipeVC.swift */ = {isa = PBXFileReference; fileEncoding = 4; lastKnownFileType = sourcecode.swift; path = CreateRecipeVC.swift; sourceTree = "<group>"; };
/* End PBXFileReference section */

/* Begin PBXFrameworksBuildPhase section */
		1846981D1C6033EE0095D64B /* Frameworks */ = {
			isa = PBXFrameworksBuildPhase;
			buildActionMask = 2147483647;
			files = (
			);
			runOnlyForDeploymentPostprocessing = 0;
		};
/* End PBXFrameworksBuildPhase section */

/* Begin PBXGroup section */
		184698171C6033EE0095D64B = {
			isa = PBXGroup;
			children = (
				184698221C6033EE0095D64B /* Recipez */,
				184698211C6033EE0095D64B /* Products */,
			);
			sourceTree = "<group>";
		};
		184698211C6033EE0095D64B /* Products */ = {
			isa = PBXGroup;
			children = (
				184698201C6033EE0095D64B /* Recipez.app */,
			);
			name = Products;
			sourceTree = "<group>";
		};
		184698221C6033EE0095D64B /* Recipez */ = {
			isa = PBXGroup;
			children = (
				1846983A1C6039420095D64B /* Controller */,
				184698391C60393E0095D64B /* View */,
				184698381C6039380095D64B /* Model */,
				184698231C6033EE0095D64B /* AppDelegate.swift */,
				184698271C6033EE0095D64B /* Main.storyboard */,
				1846982D1C6033EE0095D64B /* Assets.xcassets */,
				1846982F1C6033EE0095D64B /* LaunchScreen.storyboard */,
				184698321C6033EE0095D64B /* Info.plist */,
				1846982A1C6033EE0095D64B /* Recipez.xcdatamodeld */,
			);
			path = Recipez;
			sourceTree = "<group>";
		};
		184698381C6039380095D64B /* Model */ = {
			isa = PBXGroup;
			children = (
				1846983B1C6039850095D64B /* Recipe+CoreDataProperties.swift */,
				1846983C1C6039850095D64B /* Recipe.swift */,
			);
			name = Model;
			sourceTree = "<group>";
		};
		184698391C60393E0095D64B /* View */ = {
			isa = PBXGroup;
			children = (
				184698401C603AEB0095D64B /* RecipeCell.swift */,
			);
			name = View;
			sourceTree = "<group>";
		};
		1846983A1C6039420095D64B /* Controller */ = {
			isa = PBXGroup;
			children = (
				184698251C6033EE0095D64B /* ViewController.swift */,
				184698421C603EC50095D64B /* CreateRecipeVC.swift */,
			);
			name = Controller;
			sourceTree = "<group>";
		};
/* End PBXGroup section */

/* Begin PBXNativeTarget section */
		1846981F1C6033EE0095D64B /* Recipez */ = {
			isa = PBXNativeTarget;
			buildConfigurationList = 184698351C6033EE0095D64B /* Build configuration list for PBXNativeTarget "Recipez" */;
			buildPhases = (
				1846981C1C6033EE0095D64B /* Sources */,
				1846981D1C6033EE0095D64B /* Frameworks */,
				1846981E1C6033EE0095D64B /* Resources */,
			);
			buildRules = (
			);
			dependencies = (
			);
			name = Recipez;
			productName = Recipez;
			productReference = 184698201C6033EE0095D64B /* Recipez.app */;
			productType = "com.apple.product-type.application";
		};
/* End PBXNativeTarget section */

/* Begin PBXProject section */
		184698181C6033EE0095D64B /* Project object */ = {
			isa = PBXProject;
			attributes = {
				LastSwiftUpdateCheck = 0720;
				LastUpgradeCheck = 0720;
				ORGANIZATIONNAME = "Mohammed Joseph Petrelli Salameh";
				TargetAttributes = {
					1846981F1C6033EE0095D64B = {
						CreatedOnToolsVersion = 7.2;
					};
				};
			};
			buildConfigurationList = 1846981B1C6033EE0095D64B /* Build configuration list for PBXProject "Recipez" */;
			compatibilityVersion = "Xcode 3.2";
			developmentRegion = English;
			hasScannedForEncodings = 0;
			knownRegions = (
				en,
				Base,
			);
			mainGroup = 184698171C6033EE0095D64B;
			productRefGroup = 184698211C6033EE0095D64B /* Products */;
			projectDirPath = "";
			projectRoot = "";
			targets = (
				1846981F1C6033EE0095D64B /* Recipez */,
			);
		};
/* End PBXProject section */

/* Begin PBXResourcesBuildPhase section */
		1846981E1C6033EE0095D64B /* Resources */ = {
			isa = PBXResourcesBuildPhase;
			buildActionMask = 2147483647;
			files = (
				184698311C6033EE0095D64B /* LaunchScreen.storyboard in Resources */,
				1846982E1C6033EE0095D64B /* Assets.xcassets in Resources */,
				184698291C6033EE0095D64B /* Main.storyboard in Resources */,
			);
			runOnlyForDeploymentPostprocessing = 0;
		};
/* End PBXResourcesBuildPhase section */

/* Begin PBXSourcesBuildPhase section */
		1846981C1C6033EE0095D64B /* Sources */ = {
			isa = PBXSourcesBuildPhase;
			buildActionMask = 2147483647;
			files = (
				184698261C6033EE0095D64B /* ViewController.swift in Sources */,
				1846983D1C6039850095D64B /* Recipe+CoreDataProperties.swift in Sources */,
				184698241C6033EE0095D64B /* AppDelegate.swift in Sources */,
				184698411C603AEB0095D64B /* RecipeCell.swift in Sources */,
				184698431C603EC50095D64B /* CreateRecipeVC.swift in Sources */,
				1846982C1C6033EE0095D64B /* Recipez.xcdatamodeld in Sources */,
				1846983E1C6039850095D64B /* Recipe.swift in Sources */,
			);
			runOnlyForDeploymentPostprocessing = 0;
		};
/* End PBXSourcesBuildPhase section */

/* Begin PBXVariantGroup section */
		184698271C6033EE0095D64B /* Main.storyboard */ = {
			isa = PBXVariantGroup;
			children = (
				184698281C6033EE0095D64B /* Base */,
			);
			name = Main.storyboard;
			sourceTree = "<group>";
		};
		1846982F1C6033EE0095D64B /* LaunchScreen.storyboard */ = {
			isa = PBXVariantGroup;
			children = (
				184698301C6033EE0095D64B /* Base */,
			);
			name = LaunchScreen.storyboard;
			sourceTree = "<group>";
		};
/* End PBXVariantGroup section */

/* Begin XCBuildConfiguration section */
		184698331C6033EE0095D64B /* Debug */ = {
			isa = XCBuildConfiguration;
			buildSettings = {
				ALWAYS_SEARCH_USER_PATHS = NO;
				CLANG_CXX_LANGUAGE_STANDARD = "gnu++0x";
				CLANG_CXX_LIBRARY = "libc++";
				CLANG_ENABLE_MODULES = YES;
				CLANG_ENABLE_OBJC_ARC = YES;
				CLANG_WARN_BOOL_CONVERSION = YES;
				CLANG_WARN_CONSTANT_CONVERSION = YES;
				CLANG_WARN_DIRECT_OBJC_ISA_USAGE = YES_ERROR;
				CLANG_WARN_EMPTY_BODY = YES;
				CLANG_WARN_ENUM_CONVERSION = YES;
				CLANG_WARN_INT_CONVERSION = YES;
				CLANG_WARN_OBJC_ROOT_CLASS = YES_ERROR;
				CLANG_WARN_UNREACHABLE_CODE = YES;
				CLANG_WARN__DUPLICATE_METHOD_MATCH = YES;
				"CODE_SIGN_IDENTITY[sdk=iphoneos*]" = "iPhone Developer";
				COPY_PHASE_STRIP = NO;
				DEBUG_INFORMATION_FORMAT = dwarf;
				ENABLE_STRICT_OBJC_MSGSEND = YES;
				ENABLE_TESTABILITY = YES;
				GCC_C_LANGUAGE_STANDARD = gnu99;
				GCC_DYNAMIC_NO_PIC = NO;
				GCC_NO_COMMON_BLOCKS = YES;
				GCC_OPTIMIZATION_LEVEL = 0;
				GCC_PREPROCESSOR_DEFINITIONS = (
					"DEBUG=1",
					"$(inherited)",
				);
				GCC_WARN_64_TO_32_BIT_CONVERSION = YES;
				GCC_WARN_ABOUT_RETURN_TYPE = YES_ERROR;
				GCC_WARN_UNDECLARED_SELECTOR = YES;
				GCC_WARN_UNINITIALIZED_AUTOS = YES_AGGRESSIVE;
				GCC_WARN_UNUSED_FUNCTION = YES;
				GCC_WARN_UNUSED_VARIABLE = YES;
				IPHONEOS_DEPLOYMENT_TARGET = 9.2;
				MTL_ENABLE_DEBUG_INFO = YES;
				ONLY_ACTIVE_ARCH = YES;
				SDKROOT = iphoneos;
				SWIFT_OPTIMIZATION_LEVEL = "-Onone";
				TARGETED_DEVICE_FAMILY = "1,2";
			};
			name = Debug;
		};
		184698341C6033EE0095D64B /* Release */ = {
			isa = XCBuildConfiguration;
			buildSettings = {
				ALWAYS_SEARCH_USER_PATHS = NO;
				CLANG_CXX_LANGUAGE_STANDARD = "gnu++0x";
				CLANG_CXX_LIBRARY = "libc++";
				CLANG_ENABLE_MODULES = YES;
				CLANG_ENABLE_OBJC_ARC = YES;
				CLANG_WARN_BOOL_CONVERSION = YES;
				CLANG_WARN_CONSTANT_CONVERSION = YES;
				CLANG_WARN_DIRECT_OBJC_ISA_USAGE = YES_ERROR;
				CLANG_WARN_EMPTY_BODY = YES;
				CLANG_WARN_ENUM_CONVERSION = YES;
				CLANG_WARN_INT_CONVERSION = YES;
				CLANG_WARN_OBJC_ROOT_CLASS = YES_ERROR;
				CLANG_WARN_UNREACHABLE_CODE = YES;
				CLANG_WARN__DUPLICATE_METHOD_MATCH = YES;
				"CODE_SIGN_IDENTITY[sdk=iphoneos*]" = "iPhone Developer";
				COPY_PHASE_STRIP = NO;
				DEBUG_INFORMATION_FORMAT = "dwarf-with-dsym";
				ENABLE_NS_ASSERTIONS = NO;
				ENABLE_STRICT_OBJC_MSGSEND = YES;
				GCC_C_LANGUAGE_STANDARD = gnu99;
				GCC_NO_COMMON_BLOCKS = YES;
				GCC_WARN_64_TO_32_BIT_CONVERSION = YES;
				GCC_WARN_ABOUT_RETURN_TYPE = YES_ERROR;
				GCC_WARN_UNDECLARED_SELECTOR = YES;
				GCC_WARN_UNINITIALIZED_AUTOS = YES_AGGRESSIVE;
				GCC_WARN_UNUSED_FUNCTION = YES;
				GCC_WARN_UNUSED_VARIABLE = YES;
				IPHONEOS_DEPLOYMENT_TARGET = 9.2;
				MTL_ENABLE_DEBUG_INFO = NO;
				SDKROOT = iphoneos;
				TARGETED_DEVICE_FAMILY = "1,2";
				VALIDATE_PRODUCT = YES;
			};
			name = Release;
		};
		184698361C6033EE0095D64B /* Debug */ = {
			isa = XCBuildConfiguration;
			buildSettings = {
				ASSETCATALOG_COMPILER_APPICON_NAME = AppIcon;
				CODE_SIGN_IDENTITY = "iPhone Developer";
				INFOPLIST_FILE = Recipez/Info.plist;
				LD_RUNPATH_SEARCH_PATHS = "$(inherited) @executable_path/Frameworks";
				PRODUCT_BUNDLE_IDENTIFIER = dk.salameh.Recipez;
				PRODUCT_NAME = "$(TARGET_NAME)";
			};
			name = Debug;
		};
		184698371C6033EE0095D64B /* Release */ = {
			isa = XCBuildConfiguration;
			buildSettings = {
				ASSETCATALOG_COMPILER_APPICON_NAME = AppIcon;
				CODE_SIGN_IDENTITY = "iPhone Developer";
				INFOPLIST_FILE = Recipez/Info.plist;
				LD_RUNPATH_SEARCH_PATHS = "$(inherited) @executable_path/Frameworks";
				PRODUCT_BUNDLE_IDENTIFIER = dk.salameh.Recipez;
				PRODUCT_NAME = "$(TARGET_NAME)";
			};
			name = Release;
		};
/* End XCBuildConfiguration section */

/* Begin XCConfigurationList section */
		1846981B1C6033EE0095D64B /* Build configuration list for PBXProject "Recipez" */ = {
			isa = XCConfigurationList;
			buildConfigurations = (
				184698331C6033EE0095D64B /* Debug */,
				184698341C6033EE0095D64B /* Release */,
			);
			defaultConfigurationIsVisible = 0;
			defaultConfigurationName = Release;
		};
		184698351C6033EE0095D64B /* Build configuration list for PBXNativeTarget "Recipez" */ = {
			isa = XCConfigurationList;
			buildConfigurations = (
				184698361C6033EE0095D64B /* Debug */,
				184698371C6033EE0095D64B /* Release */,
			);
			defaultConfigurationIsVisible = 0;
		};
/* End XCConfigurationList section */

/* Begin XCVersionGroup section */
		1846982A1C6033EE0095D64B /* Recipez.xcdatamodeld */ = {
			isa = XCVersionGroup;
			children = (
				1846982B1C6033EE0095D64B /* Recipez.xcdatamodel */,
			);
			currentVersion = 1846982B1C6033EE0095D64B /* Recipez.xcdatamodel */;
			path = Recipez.xcdatamodeld;
			sourceTree = "<group>";
			versionGroupType = wrapper.xcdatamodel;
		};
/* End XCVersionGroup section */
	};
	rootObject = 184698181C6033EE0095D64B /* Project object */;
}
