// !$*UTF8*$!
{
	archiveVersion = 1;
	classes = {
	};
	objectVersion = 46;
	objects = {

/* Begin PBXBuildFile section */
		184CC4451C4DAB2900F246E0 /* AppDelegate.swift in Sources */ = {isa = PBXBuildFile; fileRef = 184CC4441C4DAB2900F246E0 /* AppDelegate.swift */; };
		184CC4471C4DAB2900F246E0 /* ViewController.swift in Sources */ = {isa = PBXBuildFile; fileRef = 184CC4461C4DAB2900F246E0 /* ViewController.swift */; };
		184CC44A1C4DAB2A00F246E0 /* Main.storyboard in Resources */ = {isa = PBXBuildFile; fileRef = 184CC4481C4DAB2A00F246E0 /* Main.storyboard */; };
		184CC44C1C4DAB2A00F246E0 /* Assets.xcassets in Resources */ = {isa = PBXBuildFile; fileRef = 184CC44B1C4DAB2A00F246E0 /* Assets.xcassets */; };
		184CC44F1C4DAB2A00F246E0 /* LaunchScreen.storyboard in Resources */ = {isa = PBXBuildFile; fileRef = 184CC44D1C4DAB2A00F246E0 /* LaunchScreen.storyboard */; };
/* End PBXBuildFile section */

/* Begin PBXFileReference section */
		184CC4411C4DAB2900F246E0 /* Excercise1.app */ = {isa = PBXFileReference; explicitFileType = wrapper.application; includeInIndex = 0; path = Excercise1.app; sourceTree = BUILT_PRODUCTS_DIR; };
		184CC4441C4DAB2900F246E0 /* AppDelegate.swift */ = {isa = PBXFileReference; lastKnownFileType = sourcecode.swift; path = AppDelegate.swift; sourceTree = "<group>"; };
		184CC4461C4DAB2900F246E0 /* ViewController.swift */ = {isa = PBXFileReference; lastKnownFileType = sourcecode.swift; path = ViewController.swift; sourceTree = "<group>"; };
		184CC4491C4DAB2A00F246E0 /* Base */ = {isa = PBXFileReference; lastKnownFileType = file.storyboard; name = Base; path = Base.lproj/Main.storyboard; sourceTree = "<group>"; };
		184CC44B1C4DAB2A00F246E0 /* Assets.xcassets */ = {isa = PBXFileReference; lastKnownFileType = folder.assetcatalog; path = Assets.xcassets; sourceTree = "<group>"; };
		184CC44E1C4DAB2A00F246E0 /* Base */ = {isa = PBXFileReference; lastKnownFileType = file.storyboard; name = Base; path = Base.lproj/LaunchScreen.storyboard; sourceTree = "<group>"; };
		184CC4501C4DAB2A00F246E0 /* Info.plist */ = {isa = PBXFileReference; lastKnownFileType = text.plist.xml; path = Info.plist; sourceTree = "<group>"; };
/* End PBXFileReference section */

/* Begin PBXFrameworksBuildPhase section */
		184CC43E1C4DAB2900F246E0 /* Frameworks */ = {
			isa = PBXFrameworksBuildPhase;
			buildActionMask = 2147483647;
			files = (
			);
			runOnlyForDeploymentPostprocessing = 0;
		};
/* End PBXFrameworksBuildPhase section */

/* Begin PBXGroup section */
		184CC4381C4DAB2900F246E0 = {
			isa = PBXGroup;
			children = (
				184CC4431C4DAB2900F246E0 /* Excercise1 */,
				184CC4421C4DAB2900F246E0 /* Products */,
			);
			sourceTree = "<group>";
		};
		184CC4421C4DAB2900F246E0 /* Products */ = {
			isa = PBXGroup;
			children = (
				184CC4411C4DAB2900F246E0 /* Excercise1.app */,
			);
			name = Products;
			sourceTree = "<group>";
		};
		184CC4431C4DAB2900F246E0 /* Excercise1 */ = {
			isa = PBXGroup;
			children = (
				184CC4441C4DAB2900F246E0 /* AppDelegate.swift */,
				184CC4461C4DAB2900F246E0 /* ViewController.swift */,
				184CC4481C4DAB2A00F246E0 /* Main.storyboard */,
				184CC44B1C4DAB2A00F246E0 /* Assets.xcassets */,
				184CC44D1C4DAB2A00F246E0 /* LaunchScreen.storyboard */,
				184CC4501C4DAB2A00F246E0 /* Info.plist */,
			);
			path = Excercise1;
			sourceTree = "<group>";
		};
/* End PBXGroup section */

/* Begin PBXNativeTarget section */
		184CC4401C4DAB2900F246E0 /* Excercise1 */ = {
			isa = PBXNativeTarget;
			buildConfigurationList = 184CC4531C4DAB2A00F246E0 /* Build configuration list for PBXNativeTarget "Excercise1" */;
			buildPhases = (
				184CC43D1C4DAB2900F246E0 /* Sources */,
				184CC43E1C4DAB2900F246E0 /* Frameworks */,
				184CC43F1C4DAB2900F246E0 /* Resources */,
			);
			buildRules = (
			);
			dependencies = (
			);
			name = Excercise1;
			productName = Excercise1;
			productReference = 184CC4411C4DAB2900F246E0 /* Excercise1.app */;
			productType = "com.apple.product-type.application";
		};
/* End PBXNativeTarget section */

/* Begin PBXProject section */
		184CC4391C4DAB2900F246E0 /* Project object */ = {
			isa = PBXProject;
			attributes = {
				LastSwiftUpdateCheck = 0720;
				LastUpgradeCheck = 0720;
				ORGANIZATIONNAME = "Mohammed Joseph Petrelli Salameh";
				TargetAttributes = {
					184CC4401C4DAB2900F246E0 = {
						CreatedOnToolsVersion = 7.2;
					};
				};
			};
			buildConfigurationList = 184CC43C1C4DAB2900F246E0 /* Build configuration list for PBXProject "Excercise1" */;
			compatibilityVersion = "Xcode 3.2";
			developmentRegion = English;
			hasScannedForEncodings = 0;
			knownRegions = (
				en,
				Base,
			);
			mainGroup = 184CC4381C4DAB2900F246E0;
			productRefGroup = 184CC4421C4DAB2900F246E0 /* Products */;
			projectDirPath = "";
			projectRoot = "";
			targets = (
				184CC4401C4DAB2900F246E0 /* Excercise1 */,
			);
		};
/* End PBXProject section */

/* Begin PBXResourcesBuildPhase section */
		184CC43F1C4DAB2900F246E0 /* Resources */ = {
			isa = PBXResourcesBuildPhase;
			buildActionMask = 2147483647;
			files = (
				184CC44F1C4DAB2A00F246E0 /* LaunchScreen.storyboard in Resources */,
				184CC44C1C4DAB2A00F246E0 /* Assets.xcassets in Resources */,
				184CC44A1C4DAB2A00F246E0 /* Main.storyboard in Resources */,
			);
			runOnlyForDeploymentPostprocessing = 0;
		};
/* End PBXResourcesBuildPhase section */

/* Begin PBXSourcesBuildPhase section */
		184CC43D1C4DAB2900F246E0 /* Sources */ = {
			isa = PBXSourcesBuildPhase;
			buildActionMask = 2147483647;
			files = (
				184CC4471C4DAB2900F246E0 /* ViewController.swift in Sources */,
				184CC4451C4DAB2900F246E0 /* AppDelegate.swift in Sources */,
			);
			runOnlyForDeploymentPostprocessing = 0;
		};
/* End PBXSourcesBuildPhase section */

/* Begin PBXVariantGroup section */
		184CC4481C4DAB2A00F246E0 /* Main.storyboard */ = {
			isa = PBXVariantGroup;
			children = (
				184CC4491C4DAB2A00F246E0 /* Base */,
			);
			name = Main.storyboard;
			sourceTree = "<group>";
		};
		184CC44D1C4DAB2A00F246E0 /* LaunchScreen.storyboard */ = {
			isa = PBXVariantGroup;
			children = (
				184CC44E1C4DAB2A00F246E0 /* Base */,
			);
			name = LaunchScreen.storyboard;
			sourceTree = "<group>";
		};
/* End PBXVariantGroup section */

/* Begin XCBuildConfiguration section */
		184CC4511C4DAB2A00F246E0 /* Debug */ = {
			isa = XCBuildConfiguration;
			buildSettings = {
				ALWAYS_SEARCH_USER_PATHS = NO;
				CLANG_CXX_LANGUAGE_STANDARD = "gnu++0x";
				CLANG_CXX_LIBRARY = "libc++";
				CLANG_ENABLE_MODULES = YES;
				CLANG_ENABLE_OBJC_ARC = YES;
				CLANG_WARN_BOOL_CONVERSION = YES;
				CLANG_WARN_CONSTANT_CONVERSION = YES;
				CLANG_WARN_DIRECT_OBJC_ISA_USAGE = YES_ERROR;
				CLANG_WARN_EMPTY_BODY = YES;
				CLANG_WARN_ENUM_CONVERSION = YES;
				CLANG_WARN_INT_CONVERSION = YES;
				CLANG_WARN_OBJC_ROOT_CLASS = YES_ERROR;
				CLANG_WARN_UNREACHABLE_CODE = YES;
				CLANG_WARN__DUPLICATE_METHOD_MATCH = YES;
				"CODE_SIGN_IDENTITY[sdk=iphoneos*]" = "iPhone Developer";
				COPY_PHASE_STRIP = NO;
				DEBUG_INFORMATION_FORMAT = dwarf;
				ENABLE_STRICT_OBJC_MSGSEND = YES;
				ENABLE_TESTABILITY = YES;
				GCC_C_LANGUAGE_STANDARD = gnu99;
				GCC_DYNAMIC_NO_PIC = NO;
				GCC_NO_COMMON_BLOCKS = YES;
				GCC_OPTIMIZATION_LEVEL = 0;
				GCC_PREPROCESSOR_DEFINITIONS = (
					"DEBUG=1",
					"$(inherited)",
				);
				GCC_WARN_64_TO_32_BIT_CONVERSION = YES;
				GCC_WARN_ABOUT_RETURN_TYPE = YES_ERROR;
				GCC_WARN_UNDECLARED_SELECTOR = YES;
				GCC_WARN_UNINITIALIZED_AUTOS = YES_AGGRESSIVE;
				GCC_WARN_UNUSED_FUNCTION = YES;
				GCC_WARN_UNUSED_VARIABLE = YES;
				IPHONEOS_DEPLOYMENT_TARGET = 9.2;
				MTL_ENABLE_DEBUG_INFO = YES;
				ONLY_ACTIVE_ARCH = YES;
				SDKROOT = iphoneos;
				SWIFT_OPTIMIZATION_LEVEL = "-Onone";
			};
			name = Debug;
		};
		184CC4521C4DAB2A00F246E0 /* Release */ = {
			isa = XCBuildConfiguration;
			buildSettings = {
				ALWAYS_SEARCH_USER_PATHS = NO;
				CLANG_CXX_LANGUAGE_STANDARD = "gnu++0x";
				CLANG_CXX_LIBRARY = "libc++";
				CLANG_ENABLE_MODULES = YES;
				CLANG_ENABLE_OBJC_ARC = YES;
				CLANG_WARN_BOOL_CONVERSION = YES;
				CLANG_WARN_CONSTANT_CONVERSION = YES;
				CLANG_WARN_DIRECT_OBJC_ISA_USAGE = YES_ERROR;
				CLANG_WARN_EMPTY_BODY = YES;
				CLANG_WARN_ENUM_CONVERSION = YES;
				CLANG_WARN_INT_CONVERSION = YES;
				CLANG_WARN_OBJC_ROOT_CLASS = YES_ERROR;
				CLANG_WARN_UNREACHABLE_CODE = YES;
				CLANG_WARN__DUPLICATE_METHOD_MATCH = YES;
				"CODE_SIGN_IDENTITY[sdk=iphoneos*]" = "iPhone Developer";
				COPY_PHASE_STRIP = NO;
				DEBUG_INFORMATION_FORMAT = "dwarf-with-dsym";
				ENABLE_NS_ASSERTIONS = NO;
				ENABLE_STRICT_OBJC_MSGSEND = YES;
				GCC_C_LANGUAGE_STANDARD = gnu99;
				GCC_NO_COMMON_BLOCKS = YES;
				GCC_WARN_64_TO_32_BIT_CONVERSION = YES;
				GCC_WARN_ABOUT_RETURN_TYPE = YES_ERROR;
				GCC_WARN_UNDECLARED_SELECTOR = YES;
				GCC_WARN_UNINITIALIZED_AUTOS = YES_AGGRESSIVE;
				GCC_WARN_UNUSED_FUNCTION = YES;
				GCC_WARN_UNUSED_VARIABLE = YES;
				IPHONEOS_DEPLOYMENT_TARGET = 9.2;
				MTL_ENABLE_DEBUG_INFO = NO;
				SDKROOT = iphoneos;
				VALIDATE_PRODUCT = YES;
			};
			name = Release;
		};
		184CC4541C4DAB2A00F246E0 /* Debug */ = {
			isa = XCBuildConfiguration;
			buildSettings = {
				ASSETCATALOG_COMPILER_APPICON_NAME = AppIcon;
				INFOPLIST_FILE = Excercise1/Info.plist;
				LD_RUNPATH_SEARCH_PATHS = "$(inherited) @executable_path/Frameworks";
				PRODUCT_BUNDLE_IDENTIFIER = dk.salameh.Excercise1;
				PRODUCT_NAME = "$(TARGET_NAME)";
			};
			name = Debug;
		};
		184CC4551C4DAB2A00F246E0 /* Release */ = {
			isa = XCBuildConfiguration;
			buildSettings = {
				ASSETCATALOG_COMPILER_APPICON_NAME = AppIcon;
				INFOPLIST_FILE = Excercise1/Info.plist;
				LD_RUNPATH_SEARCH_PATHS = "$(inherited) @executable_path/Frameworks";
				PRODUCT_BUNDLE_IDENTIFIER = dk.salameh.Excercise1;
				PRODUCT_NAME = "$(TARGET_NAME)";
			};
			name = Release;
		};
/* End XCBuildConfiguration section */

/* Begin XCConfigurationList section */
		184CC43C1C4DAB2900F246E0 /* Build configuration list for PBXProject "Excercise1" */ = {
			isa = XCConfigurationList;
			buildConfigurations = (
				184CC4511C4DAB2A00F246E0 /* Debug */,
				184CC4521C4DAB2A00F246E0 /* Release */,
			);
			defaultConfigurationIsVisible = 0;
			defaultConfigurationName = Release;
		};
		184CC4531C4DAB2A00F246E0 /* Build configuration list for PBXNativeTarget "Excercise1" */ = {
			isa = XCConfigurationList;
			buildConfigurations = (
				184CC4541C4DAB2A00F246E0 /* Debug */,
				184CC4551C4DAB2A00F246E0 /* Release */,
			);
			defaultConfigurationIsVisible = 0;
		};
/* End XCConfigurationList section */
	};
	rootObject = 184CC4391C4DAB2900F246E0 /* Project object */;
}
